// !$*UTF8*$!
{
	archiveVersion = 1;
	classes = {
	};
	objectVersion = 77;
	objects = {

/* Begin PBXBuildFile section */
		07F0CB53671C8AAC71861C01 /* DeepLinkRouter.swift in Sources */ = {isa = PBXBuildFile; fileRef = 288461A753195CB0C2E991DA /* DeepLinkRouter.swift */; };
		0D9E7E305E5ED2C4BDD02FE3 /* ResultView.swift in Sources */ = {isa = PBXBuildFile; fileRef = 131B1785984B9F5C061A0FD3 /* ResultView.swift */; };
		12D00FE893E7F8BBEE98A4C1 /* PalmCompareSkill.md in Resources */ = {isa = PBXBuildFile; fileRef = 8D434877A386FA4DAE414B6C /* PalmCompareSkill.md */; };
		212D494393A2B97CCEECCF9F /* LockedSection.swift in Sources */ = {isa = PBXBuildFile; fileRef = 6C59193B3CB4638764BBA25F /* LockedSection.swift */; };
		3562ACE0399BE366FDB4C6A3 /* SettingsView.swift in Sources */ = {isa = PBXBuildFile; fileRef = A24B32BA333A0EB0E76A3677 /* SettingsView.swift */; };
		35A851D1A06FFC135F8E6D10 /* Config.swift in Sources */ = {isa = PBXBuildFile; fileRef = 2EBD1DB4B673F8376AC0B10E /* Config.swift */; };
		3BD90E8679F90BB72A8F6B48 /* ReadingStore.swift in Sources */ = {isa = PBXBuildFile; fileRef = 33450C95EC138CA63D1540BA /* ReadingStore.swift */; };
		3E23BA2EF8ED40D72DFE6855 /* PalmMatchReading.swift in Sources */ = {isa = PBXBuildFile; fileRef = E108DC99A57E2608EA979D2A /* PalmMatchReading.swift */; };
		48BAD546DD6504E7B86F6CEB /* SkillLoader.swift in Sources */ = {isa = PBXBuildFile; fileRef = F1D6C8B4FD24592E1BE2057E /* SkillLoader.swift */; };
		4ABB364FF37D7D99DAD28FBD /* ImageExporter.swift in Sources */ = {isa = PBXBuildFile; fileRef = 0B63C1C182C1888C574B6F2E /* ImageExporter.swift */; };
		4DB1913E9A235CEBA9B9ACFF /* AUTHORS.txt in Resources */ = {isa = PBXBuildFile; fileRef = A9D95ECC76357248B1765390 /* AUTHORS.txt */; };
		584F703DA505A4713A8F990C /* ShareSheet.swift in Sources */ = {isa = PBXBuildFile; fileRef = 2DCAC92CDEA4E200C4BAB2BE /* ShareSheet.swift */; };
		5B5FCD43BF21B5B3E7F19BC8 /* CormorantGaramond-Medium.ttf in Resources */ = {isa = PBXBuildFile; fileRef = EAD89BEB79E0622ADD440939 /* CormorantGaramond-Medium.ttf */; };
		5F6E61D1EB2A2C9E142A1DC0 /* CormorantGaramond-Light.ttf in Resources */ = {isa = PBXBuildFile; fileRef = BA16C4B1A2156C3571E96F2E /* CormorantGaramond-Light.ttf */; };
		5FD0435A8AD694E0CFD2FEB6 /* SignInPromptSheet.swift in Sources */ = {isa = PBXBuildFile; fileRef = DCB1B669DA5527859FC140EA /* SignInPromptSheet.swift */; };
		609843A2724CBC9979DA933B /* MysticalBackground.swift in Sources */ = {isa = PBXBuildFile; fileRef = 30301FA23D9C8DF67ED39573 /* MysticalBackground.swift */; };
		6AC0A4283674318537A75A0D /* AuthManager.swift in Sources */ = {isa = PBXBuildFile; fileRef = 3437423881757B980EE83A7D /* AuthManager.swift */; };
		6CE03C1928A86CDAA2732C53 /* EBGaramond-Regular.ttf in Resources */ = {isa = PBXBuildFile; fileRef = 601B4C2EB96903C61281DCEA /* EBGaramond-Regular.ttf */; };
		82A4DA35F45C3552DA816D49 /* OpenAIService.swift in Sources */ = {isa = PBXBuildFile; fileRef = DF2BE541B3626AA960051C84 /* OpenAIService.swift */; };
		82E84138D37D8E871C3982A2 /* AnimatedHand.swift in Sources */ = {isa = PBXBuildFile; fileRef = A06FF0456FBDDB15D4D30BBC /* AnimatedHand.swift */; };
		8D03C6E0A7597BE14160A53E /* MatchResultView.swift in Sources */ = {isa = PBXBuildFile; fileRef = F5B9BFD5E892704CF0133703 /* MatchResultView.swift */; };
		95B753DB6915EA8A06C63EA7 /* EBGaramond-Italic.ttf in Resources */ = {isa = PBXBuildFile; fileRef = 2631FC83526D6773C2CA15F5 /* EBGaramond-Italic.ttf */; };
		A1FC01A4EF155F3629A24C55 /* JetBrainsMono-Medium.ttf in Resources */ = {isa = PBXBuildFile; fileRef = 71A349D56377364B126687AC /* JetBrainsMono-Medium.ttf */; };
		A48EAEBEA7549F0A54EEA5CE /* OnboardingView.swift in Sources */ = {isa = PBXBuildFile; fileRef = D5A562C9E37F968C874DB99A /* OnboardingView.swift */; };
		A89B580D4E0222192FED66EE /* PalmReadingSkill.md in Resources */ = {isa = PBXBuildFile; fileRef = C2AF9A211B3DD4ACEF3604E1 /* PalmReadingSkill.md */; };
		ACA066C7FFE74CD9A320389D /* HistoryView.swift in Sources */ = {isa = PBXBuildFile; fileRef = C9A592104910E416F94E0D75 /* HistoryView.swift */; };
		ACE152C47175C4A480B2420D /* PaywallView.swift in Sources */ = {isa = PBXBuildFile; fileRef = 89AC19BF42C6E8DC6DBC9122 /* PaywallView.swift */; };
		B3FF2FCE7ED46BFA09C7E4B9 /* PurchaseManager.swift in Sources */ = {isa = PBXBuildFile; fileRef = 5C2B5A49E76F5BFF699EC691 /* PurchaseManager.swift */; };
		C880F7F597185E8227385FD4 /* CormorantGaramond-MediumItalic.ttf in Resources */ = {isa = PBXBuildFile; fileRef = 77D91999BE11879FB822226A /* CormorantGaramond-MediumItalic.ttf */; };
		C9936F13A2FE3A9FA6A9D4A9 /* EditorialPaper.swift in Sources */ = {isa = PBXBuildFile; fileRef = 26BF1153A4EA6E327FF79D32 /* EditorialPaper.swift */; };
		D7981005257B080740790FE3 /* PalmReading.swift in Sources */ = {isa = PBXBuildFile; fileRef = DD2273D21CCA06428BBAA43E /* PalmReading.swift */; };
		D7F83536DF96B3AAED95D88C /* CompareView.swift in Sources */ = {isa = PBXBuildFile; fileRef = FBB987A11ACC95ABC300B51A /* CompareView.swift */; };
		DC7616F41CFB580253BFB4E1 /* JetBrainsMono-Regular.ttf in Resources */ = {isa = PBXBuildFile; fileRef = 45F663CA2344EC1D32D08F38 /* JetBrainsMono-Regular.ttf */; };
		E45594B904FF7E1F098456E2 /* ContentView.swift in Sources */ = {isa = PBXBuildFile; fileRef = 66F7C36099BAA091970BFDFB /* ContentView.swift */; };
		F448ECDAD952A4D0C0CB7548 /* PalmReaderApp.swift in Sources */ = {isa = PBXBuildFile; fileRef = 229BEEBF0AB2889F994B165C /* PalmReaderApp.swift */; };
		F96A593BCAC33DFAB08B0A42 /* SignInView.swift in Sources */ = {isa = PBXBuildFile; fileRef = 80D47B8F52887DD16B4F2395 /* SignInView.swift */; };
		FEF6A1EDEB8E01D6A0A2AC64 /* CameraPicker.swift in Sources */ = {isa = PBXBuildFile; fileRef = 7ED5350CBE64C5BFF6AE50C4 /* CameraPicker.swift */; };
/* End PBXBuildFile section */

/* Begin PBXFileReference section */
		0B63C1C182C1888C574B6F2E /* ImageExporter.swift */ = {isa = PBXFileReference; lastKnownFileType = sourcecode.swift; path = ImageExporter.swift; sourceTree = "<group>"; };
		131B1785984B9F5C061A0FD3 /* ResultView.swift */ = {isa = PBXFileReference; lastKnownFileType = sourcecode.swift; path = ResultView.swift; sourceTree = "<group>"; };
		229BEEBF0AB2889F994B165C /* PalmReaderApp.swift */ = {isa = PBXFileReference; lastKnownFileType = sourcecode.swift; path = PalmReaderApp.swift; sourceTree = "<group>"; };
		2631FC83526D6773C2CA15F5 /* EBGaramond-Italic.ttf */ = {isa = PBXFileReference; lastKnownFileType = text; path = "EBGaramond-Italic.ttf"; sourceTree = "<group>"; };
		26BF1153A4EA6E327FF79D32 /* EditorialPaper.swift */ = {isa = PBXFileReference; lastKnownFileType = sourcecode.swift; path = EditorialPaper.swift; sourceTree = "<group>"; };
		288461A753195CB0C2E991DA /* DeepLinkRouter.swift */ = {isa = PBXFileReference; lastKnownFileType = sourcecode.swift; path = DeepLinkRouter.swift; sourceTree = "<group>"; };
		2DCAC92CDEA4E200C4BAB2BE /* ShareSheet.swift */ = {isa = PBXFileReference; lastKnownFileType = sourcecode.swift; path = ShareSheet.swift; sourceTree = "<group>"; };
		2EBD1DB4B673F8376AC0B10E /* Config.swift */ = {isa = PBXFileReference; lastKnownFileType = sourcecode.swift; path = Config.swift; sourceTree = "<group>"; };
		30301FA23D9C8DF67ED39573 /* MysticalBackground.swift */ = {isa = PBXFileReference; lastKnownFileType = sourcecode.swift; path = MysticalBackground.swift; sourceTree = "<group>"; };
		33450C95EC138CA63D1540BA /* ReadingStore.swift */ = {isa = PBXFileReference; lastKnownFileType = sourcecode.swift; path = ReadingStore.swift; sourceTree = "<group>"; };
		3437423881757B980EE83A7D /* AuthManager.swift */ = {isa = PBXFileReference; lastKnownFileType = sourcecode.swift; path = AuthManager.swift; sourceTree = "<group>"; };
		3E1E4104E5E981F891879581 /* PalmReader.app */ = {isa = PBXFileReference; explicitFileType = wrapper.application; includeInIndex = 0; path = PalmReader.app; sourceTree = BUILT_PRODUCTS_DIR; };
		45F663CA2344EC1D32D08F38 /* JetBrainsMono-Regular.ttf */ = {isa = PBXFileReference; lastKnownFileType = file; path = "JetBrainsMono-Regular.ttf"; sourceTree = "<group>"; };
		4B7F9F23AD235230B355A1EC /* Info.plist */ = {isa = PBXFileReference; lastKnownFileType = text.plist; path = Info.plist; sourceTree = "<group>"; };
		5C2B5A49E76F5BFF699EC691 /* PurchaseManager.swift */ = {isa = PBXFileReference; lastKnownFileType = sourcecode.swift; path = PurchaseManager.swift; sourceTree = "<group>"; };
		601B4C2EB96903C61281DCEA /* EBGaramond-Regular.ttf */ = {isa = PBXFileReference; lastKnownFileType = text; path = "EBGaramond-Regular.ttf"; sourceTree = "<group>"; };
		66F7C36099BAA091970BFDFB /* ContentView.swift */ = {isa = PBXFileReference; lastKnownFileType = sourcecode.swift; path = ContentView.swift; sourceTree = "<group>"; };
		6C59193B3CB4638764BBA25F /* LockedSection.swift */ = {isa = PBXFileReference; lastKnownFileType = sourcecode.swift; path = LockedSection.swift; sourceTree = "<group>"; };
		71A349D56377364B126687AC /* JetBrainsMono-Medium.ttf */ = {isa = PBXFileReference; lastKnownFileType = file; path = "JetBrainsMono-Medium.ttf"; sourceTree = "<group>"; };
		77D91999BE11879FB822226A /* CormorantGaramond-MediumItalic.ttf */ = {isa = PBXFileReference; lastKnownFileType = text; path = "CormorantGaramond-MediumItalic.ttf"; sourceTree = "<group>"; };
		7ED5350CBE64C5BFF6AE50C4 /* CameraPicker.swift */ = {isa = PBXFileReference; lastKnownFileType = sourcecode.swift; path = CameraPicker.swift; sourceTree = "<group>"; };
		80D47B8F52887DD16B4F2395 /* SignInView.swift */ = {isa = PBXFileReference; lastKnownFileType = sourcecode.swift; path = SignInView.swift; sourceTree = "<group>"; };
		89AC19BF42C6E8DC6DBC9122 /* PaywallView.swift */ = {isa = PBXFileReference; lastKnownFileType = sourcecode.swift; path = PaywallView.swift; sourceTree = "<group>"; };
		8D434877A386FA4DAE414B6C /* PalmCompareSkill.md */ = {isa = PBXFileReference; lastKnownFileType = net.daringfireball.markdown; path = PalmCompareSkill.md; sourceTree = "<group>"; };
		92424921912582DE32A8B6EF /* PalmReader.entitlements */ = {isa = PBXFileReference; lastKnownFileType = text.plist.entitlements; path = PalmReader.entitlements; sourceTree = "<group>"; };
		A06FF0456FBDDB15D4D30BBC /* AnimatedHand.swift */ = {isa = PBXFileReference; lastKnownFileType = sourcecode.swift; path = AnimatedHand.swift; sourceTree = "<group>"; };
		A24B32BA333A0EB0E76A3677 /* SettingsView.swift */ = {isa = PBXFileReference; lastKnownFileType = sourcecode.swift; path = SettingsView.swift; sourceTree = "<group>"; };
		A9D95ECC76357248B1765390 /* AUTHORS.txt */ = {isa = PBXFileReference; lastKnownFileType = text; path = AUTHORS.txt; sourceTree = "<group>"; };
		B7C16DF6BF0AF395422B11CE /* Config.xcconfig */ = {isa = PBXFileReference; lastKnownFileType = text.xcconfig; path = Config.xcconfig; sourceTree = "<group>"; };
		BA16C4B1A2156C3571E96F2E /* CormorantGaramond-Light.ttf */ = {isa = PBXFileReference; lastKnownFileType = text; path = "CormorantGaramond-Light.ttf"; sourceTree = "<group>"; };
		C2AF9A211B3DD4ACEF3604E1 /* PalmReadingSkill.md */ = {isa = PBXFileReference; lastKnownFileType = net.daringfireball.markdown; path = PalmReadingSkill.md; sourceTree = "<group>"; };
		C9A592104910E416F94E0D75 /* HistoryView.swift */ = {isa = PBXFileReference; lastKnownFileType = sourcecode.swift; path = HistoryView.swift; sourceTree = "<group>"; };
		D5A562C9E37F968C874DB99A /* OnboardingView.swift */ = {isa = PBXFileReference; lastKnownFileType = sourcecode.swift; path = OnboardingView.swift; sourceTree = "<group>"; };
		DCB1B669DA5527859FC140EA /* SignInPromptSheet.swift */ = {isa = PBXFileReference; lastKnownFileType = sourcecode.swift; path = SignInPromptSheet.swift; sourceTree = "<group>"; };
		DD2273D21CCA06428BBAA43E /* PalmReading.swift */ = {isa = PBXFileReference; lastKnownFileType = sourcecode.swift; path = PalmReading.swift; sourceTree = "<group>"; };
		DF2BE541B3626AA960051C84 /* OpenAIService.swift */ = {isa = PBXFileReference; lastKnownFileType = sourcecode.swift; path = OpenAIService.swift; sourceTree = "<group>"; };
		E108DC99A57E2608EA979D2A /* PalmMatchReading.swift */ = {isa = PBXFileReference; lastKnownFileType = sourcecode.swift; path = PalmMatchReading.swift; sourceTree = "<group>"; };
		EAD89BEB79E0622ADD440939 /* CormorantGaramond-Medium.ttf */ = {isa = PBXFileReference; lastKnownFileType = text; path = "CormorantGaramond-Medium.ttf"; sourceTree = "<group>"; };
		F1D6C8B4FD24592E1BE2057E /* SkillLoader.swift */ = {isa = PBXFileReference; lastKnownFileType = sourcecode.swift; path = SkillLoader.swift; sourceTree = "<group>"; };
		F5B9BFD5E892704CF0133703 /* MatchResultView.swift */ = {isa = PBXFileReference; lastKnownFileType = sourcecode.swift; path = MatchResultView.swift; sourceTree = "<group>"; };
		FBB987A11ACC95ABC300B51A /* CompareView.swift */ = {isa = PBXFileReference; lastKnownFileType = sourcecode.swift; path = CompareView.swift; sourceTree = "<group>"; };
/* End PBXFileReference section */

/* Begin PBXGroup section */
		0C201A7F2318FC96599390B2 /* Views */ = {
			isa = PBXGroup;
			children = (
				A06FF0456FBDDB15D4D30BBC /* AnimatedHand.swift */,
				7ED5350CBE64C5BFF6AE50C4 /* CameraPicker.swift */,
				FBB987A11ACC95ABC300B51A /* CompareView.swift */,
				66F7C36099BAA091970BFDFB /* ContentView.swift */,
				26BF1153A4EA6E327FF79D32 /* EditorialPaper.swift */,
				C9A592104910E416F94E0D75 /* HistoryView.swift */,
				6C59193B3CB4638764BBA25F /* LockedSection.swift */,
				F5B9BFD5E892704CF0133703 /* MatchResultView.swift */,
				30301FA23D9C8DF67ED39573 /* MysticalBackground.swift */,
				D5A562C9E37F968C874DB99A /* OnboardingView.swift */,
				89AC19BF42C6E8DC6DBC9122 /* PaywallView.swift */,
				131B1785984B9F5C061A0FD3 /* ResultView.swift */,
				A24B32BA333A0EB0E76A3677 /* SettingsView.swift */,
				2DCAC92CDEA4E200C4BAB2BE /* ShareSheet.swift */,
				DCB1B669DA5527859FC140EA /* SignInPromptSheet.swift */,
				80D47B8F52887DD16B4F2395 /* SignInView.swift */,
			);
			path = Views;
			sourceTree = "<group>";
		};
		22755610AAA851F7FEA1A10B /* Products */ = {
			isa = PBXGroup;
			children = (
				3E1E4104E5E981F891879581 /* PalmReader.app */,
			);
			name = Products;
			sourceTree = "<group>";
		};
		39E70D1280B77DB172A28216 /* Fonts */ = {
			isa = PBXGroup;
			children = (
				A9D95ECC76357248B1765390 /* AUTHORS.txt */,
				BA16C4B1A2156C3571E96F2E /* CormorantGaramond-Light.ttf */,
				EAD89BEB79E0622ADD440939 /* CormorantGaramond-Medium.ttf */,
				77D91999BE11879FB822226A /* CormorantGaramond-MediumItalic.ttf */,
				2631FC83526D6773C2CA15F5 /* EBGaramond-Italic.ttf */,
				601B4C2EB96903C61281DCEA /* EBGaramond-Regular.ttf */,
				71A349D56377364B126687AC /* JetBrainsMono-Medium.ttf */,
				45F663CA2344EC1D32D08F38 /* JetBrainsMono-Regular.ttf */,
			);
			path = Fonts;
			sourceTree = "<group>";
		};
		4158C843A2FA0EDCABAC4EA2 /* Models */ = {
			isa = PBXGroup;
			children = (
				E108DC99A57E2608EA979D2A /* PalmMatchReading.swift */,
				DD2273D21CCA06428BBAA43E /* PalmReading.swift */,
			);
			path = Models;
			sourceTree = "<group>";
		};
		4E7953A039815DE772B91FDC /* PalmReader */ = {
			isa = PBXGroup;
			children = (
				B7C16DF6BF0AF395422B11CE /* Config.xcconfig */,
				4B7F9F23AD235230B355A1EC /* Info.plist */,
				92424921912582DE32A8B6EF /* PalmReader.entitlements */,
				229BEEBF0AB2889F994B165C /* PalmReaderApp.swift */,
				4158C843A2FA0EDCABAC4EA2 /* Models */,
				BEEDE044F01D3C3925F72325 /* Resources */,
				DB0B0EB7DA3D69297718FA5C /* Services */,
				0C201A7F2318FC96599390B2 /* Views */,
			);
			path = PalmReader;
			sourceTree = "<group>";
		};
		9571303F54589FDC23409D34 = {
			isa = PBXGroup;
			children = (
				4E7953A039815DE772B91FDC /* PalmReader */,
				22755610AAA851F7FEA1A10B /* Products */,
			);
			sourceTree = "<group>";
		};
		BEEDE044F01D3C3925F72325 /* Resources */ = {
			isa = PBXGroup;
			children = (
				8D434877A386FA4DAE414B6C /* PalmCompareSkill.md */,
				C2AF9A211B3DD4ACEF3604E1 /* PalmReadingSkill.md */,
				39E70D1280B77DB172A28216 /* Fonts */,
			);
			path = Resources;
			sourceTree = "<group>";
		};
		DB0B0EB7DA3D69297718FA5C /* Services */ = {
			isa = PBXGroup;
			children = (
				3437423881757B980EE83A7D /* AuthManager.swift */,
				2EBD1DB4B673F8376AC0B10E /* Config.swift */,
				288461A753195CB0C2E991DA /* DeepLinkRouter.swift */,
				0B63C1C182C1888C574B6F2E /* ImageExporter.swift */,
				DF2BE541B3626AA960051C84 /* OpenAIService.swift */,
				5C2B5A49E76F5BFF699EC691 /* PurchaseManager.swift */,
				33450C95EC138CA63D1540BA /* ReadingStore.swift */,
				F1D6C8B4FD24592E1BE2057E /* SkillLoader.swift */,
			);
			path = Services;
			sourceTree = "<group>";
		};
/* End PBXGroup section */

/* Begin PBXNativeTarget section */
		A96454AC5963CBBA3EBA2592 /* PalmReader */ = {
			isa = PBXNativeTarget;
			buildConfigurationList = E59BA7DD30A982413D0E6C6F /* Build configuration list for PBXNativeTarget "PalmReader" */;
			buildPhases = (
				947EBC149E23C56226F47863 /* Sources */,
				C7FEE3848DA72245EF4F4DE8 /* Resources */,
			);
			buildRules = (
			);
			dependencies = (
			);
			name = PalmReader;
			packageProductDependencies = (
			);
			productName = PalmReader;
			productReference = 3E1E4104E5E981F891879581 /* PalmReader.app */;
			productType = "com.apple.product-type.application";
		};
/* End PBXNativeTarget section */

/* Begin PBXProject section */
		62EE68A0AAB7CD753AFFCD5D /* Project object */ = {
			isa = PBXProject;
			attributes = {
				BuildIndependentTargetsInParallel = YES;
				LastUpgradeCheck = 2640;
				TargetAttributes = {
					A96454AC5963CBBA3EBA2592 = {
						DevelopmentTeam = "";
					};
				};
			};
			buildConfigurationList = A1EF1A461488A510924556CC /* Build configuration list for PBXProject "PalmReader" */;
			developmentRegion = en;
			hasScannedForEncodings = 0;
			knownRegions = (
				Base,
				en,
			);
			mainGroup = 9571303F54589FDC23409D34;
			minimizedProjectReferenceProxies = 1;
			preferredProjectObjectVersion = 77;
			productRefGroup = 22755610AAA851F7FEA1A10B /* Products */;
			projectDirPath = "";
			projectRoot = "";
			targets = (
				A96454AC5963CBBA3EBA2592 /* PalmReader */,
			);
		};
/* End PBXProject section */

/* Begin PBXResourcesBuildPhase section */
		C7FEE3848DA72245EF4F4DE8 /* Resources */ = {
			isa = PBXResourcesBuildPhase;
			buildActionMask = 2147483647;
			files = (
				4DB1913E9A235CEBA9B9ACFF /* AUTHORS.txt in Resources */,
				5F6E61D1EB2A2C9E142A1DC0 /* CormorantGaramond-Light.ttf in Resources */,
				5B5FCD43BF21B5B3E7F19BC8 /* CormorantGaramond-Medium.ttf in Resources */,
				C880F7F597185E8227385FD4 /* CormorantGaramond-MediumItalic.ttf in Resources */,
				95B753DB6915EA8A06C63EA7 /* EBGaramond-Italic.ttf in Resources */,
				6CE03C1928A86CDAA2732C53 /* EBGaramond-Regular.ttf in Resources */,
				A1FC01A4EF155F3629A24C55 /* JetBrainsMono-Medium.ttf in Resources */,
				DC7616F41CFB580253BFB4E1 /* JetBrainsMono-Regular.ttf in Resources */,
				12D00FE893E7F8BBEE98A4C1 /* PalmCompareSkill.md in Resources */,
				A89B580D4E0222192FED66EE /* PalmReadingSkill.md in Resources */,
			);
			runOnlyForDeploymentPostprocessing = 0;
		};
/* End PBXResourcesBuildPhase section */

/* Begin PBXSourcesBuildPhase section */
		947EBC149E23C56226F47863 /* Sources */ = {
			isa = PBXSourcesBuildPhase;
			buildActionMask = 2147483647;
			files = (
				82E84138D37D8E871C3982A2 /* AnimatedHand.swift in Sources */,
				6AC0A4283674318537A75A0D /* AuthManager.swift in Sources */,
				FEF6A1EDEB8E01D6A0A2AC64 /* CameraPicker.swift in Sources */,
				D7F83536DF96B3AAED95D88C /* CompareView.swift in Sources */,
				35A851D1A06FFC135F8E6D10 /* Config.swift in Sources */,
				E45594B904FF7E1F098456E2 /* ContentView.swift in Sources */,
				07F0CB53671C8AAC71861C01 /* DeepLinkRouter.swift in Sources */,
				C9936F13A2FE3A9FA6A9D4A9 /* EditorialPaper.swift in Sources */,
				ACA066C7FFE74CD9A320389D /* HistoryView.swift in Sources */,
				4ABB364FF37D7D99DAD28FBD /* ImageExporter.swift in Sources */,
				212D494393A2B97CCEECCF9F /* LockedSection.swift in Sources */,
				8D03C6E0A7597BE14160A53E /* MatchResultView.swift in Sources */,
				609843A2724CBC9979DA933B /* MysticalBackground.swift in Sources */,
				A48EAEBEA7549F0A54EEA5CE /* OnboardingView.swift in Sources */,
				82A4DA35F45C3552DA816D49 /* OpenAIService.swift in Sources */,
				3E23BA2EF8ED40D72DFE6855 /* PalmMatchReading.swift in Sources */,
				F448ECDAD952A4D0C0CB7548 /* PalmReaderApp.swift in Sources */,
				D7981005257B080740790FE3 /* PalmReading.swift in Sources */,
				ACE152C47175C4A480B2420D /* PaywallView.swift in Sources */,
				B3FF2FCE7ED46BFA09C7E4B9 /* PurchaseManager.swift in Sources */,
				3BD90E8679F90BB72A8F6B48 /* ReadingStore.swift in Sources */,
				0D9E7E305E5ED2C4BDD02FE3 /* ResultView.swift in Sources */,
				3562ACE0399BE366FDB4C6A3 /* SettingsView.swift in Sources */,
				584F703DA505A4713A8F990C /* ShareSheet.swift in Sources */,
				5FD0435A8AD694E0CFD2FEB6 /* SignInPromptSheet.swift in Sources */,
				F96A593BCAC33DFAB08B0A42 /* SignInView.swift in Sources */,
				48BAD546DD6504E7B86F6CEB /* SkillLoader.swift in Sources */,
			);
			runOnlyForDeploymentPostprocessing = 0;
		};
/* End PBXSourcesBuildPhase section */

/* Begin XCBuildConfiguration section */
		0462F190EDFD0BB58222415D /* Release */ = {
			isa = XCBuildConfiguration;
			buildSettings = {
				ASSETCATALOG_COMPILER_APPICON_NAME = AppIcon;
				CODE_SIGN_ENTITLEMENTS = PalmReader/PalmReader.entitlements;
				CODE_SIGN_IDENTITY = "iPhone Developer";
				ENABLE_PREVIEWS = YES;
				GENERATE_INFOPLIST_FILE = NO;
				INFOPLIST_FILE = PalmReader/Info.plist;
				LD_RUNPATH_SEARCH_PATHS = (
					"$(inherited)",
					"@executable_path/Frameworks",
				);
				PRODUCT_BUNDLE_IDENTIFIER = com.palmistry.app;
				SDKROOT = iphoneos;
				SWIFT_EMIT_LOC_STRINGS = YES;
				TARGETED_DEVICE_FAMILY = 1;
			};
			name = Release;
		};
		99696CED077A45E0EA81C7D5 /* Debug */ = {
			isa = XCBuildConfiguration;
			buildSettings = {
				ASSETCATALOG_COMPILER_APPICON_NAME = AppIcon;
				CODE_SIGN_ENTITLEMENTS = PalmReader/PalmReader.entitlements;
				CODE_SIGN_IDENTITY = "iPhone Developer";
				ENABLE_PREVIEWS = YES;
				GENERATE_INFOPLIST_FILE = NO;
				INFOPLIST_FILE = PalmReader/Info.plist;
				LD_RUNPATH_SEARCH_PATHS = (
					"$(inherited)",
					"@executable_path/Frameworks",
				);
				PRODUCT_BUNDLE_IDENTIFIER = com.palmistry.app;
				SDKROOT = iphoneos;
				SWIFT_EMIT_LOC_STRINGS = YES;
				TARGETED_DEVICE_FAMILY = 1;
			};
			name = Debug;
		};
		B4B913768C9689320229F2D9 /* Debug */ = {
			isa = XCBuildConfiguration;
			baseConfigurationReference = B7C16DF6BF0AF395422B11CE /* Config.xcconfig */;
			buildSettings = {
				ALWAYS_SEARCH_USER_PATHS = NO;
				CLANG_ANALYZER_NONNULL = YES;
				CLANG_ANALYZER_NUMBER_OBJECT_CONVERSION = YES_AGGRESSIVE;
				CLANG_CXX_LANGUAGE_STANDARD = "gnu++14";
				CLANG_CXX_LIBRARY = "libc++";
				CLANG_ENABLE_MODULES = YES;
				CLANG_ENABLE_OBJC_ARC = YES;
				CLANG_ENABLE_OBJC_WEAK = YES;
				CLANG_WARN_BLOCK_CAPTURE_AUTORELEASING = YES;
				CLANG_WARN_BOOL_CONVERSION = YES;
				CLANG_WARN_COMMA = YES;
				CLANG_WARN_CONSTANT_CONVERSION = YES;
				CLANG_WARN_DEPRECATED_OBJC_IMPLEMENTATIONS = YES;
				CLANG_WARN_DIRECT_OBJC_ISA_USAGE = YES_ERROR;
				CLANG_WARN_DOCUMENTATION_COMMENTS = YES;
				CLANG_WARN_EMPTY_BODY = YES;
				CLANG_WARN_ENUM_CONVERSION = YES;
				CLANG_WARN_INFINITE_RECURSION = YES;
				CLANG_WARN_INT_CONVERSION = YES;
				CLANG_WARN_NON_LITERAL_NULL_CONVERSION = YES;
				CLANG_WARN_OBJC_IMPLICIT_RETAIN_SELF = YES;
				CLANG_WARN_OBJC_LITERAL_CONVERSION = YES;
				CLANG_WARN_OBJC_ROOT_CLASS = YES_ERROR;
				CLANG_WARN_QUOTED_INCLUDE_IN_FRAMEWORK_HEADER = YES;
				CLANG_WARN_RANGE_LOOP_ANALYSIS = YES;
				CLANG_WARN_STRICT_PROTOTYPES = YES;
				CLANG_WARN_SUSPICIOUS_MOVE = YES;
				CLANG_WARN_UNGUARDED_AVAILABILITY = YES_AGGRESSIVE;
				CLANG_WARN_UNREACHABLE_CODE = YES;
				CLANG_WARN__DUPLICATE_METHOD_MATCH = YES;
				COPY_PHASE_STRIP = NO;
				CURRENT_PROJECT_VERSION = 1;
				DEBUG_INFORMATION_FORMAT = dwarf;
				DEVELOPMENT_TEAM = "";
				ENABLE_STRICT_OBJC_MSGSEND = YES;
				ENABLE_TESTABILITY = YES;
				ENABLE_USER_SCRIPT_SANDBOXING = YES;
				GCC_C_LANGUAGE_STANDARD = gnu11;
				GCC_DYNAMIC_NO_PIC = NO;
				GCC_NO_COMMON_BLOCKS = YES;
				GCC_OPTIMIZATION_LEVEL = 0;
				GCC_PREPROCESSOR_DEFINITIONS = (
					"$(inherited)",
					"DEBUG=1",
				);
				GCC_WARN_64_TO_32_BIT_CONVERSION = YES;
				GCC_WARN_ABOUT_RETURN_TYPE = YES_ERROR;
				GCC_WARN_UNDECLARED_SELECTOR = YES;
				GCC_WARN_UNINITIALIZED_AUTOS = YES_AGGRESSIVE;
				GCC_WARN_UNUSED_FUNCTION = YES;
				GCC_WARN_UNUSED_VARIABLE = YES;
				IPHONEOS_DEPLOYMENT_TARGET = 16.0;
				MARKETING_VERSION = 1.0;
				MTL_ENABLE_DEBUG_INFO = INCLUDE_SOURCE;
				MTL_FAST_MATH = YES;
				ONLY_ACTIVE_ARCH = YES;
				PRODUCT_NAME = "$(TARGET_NAME)";
				SDKROOT = iphoneos;
				STRING_CATALOG_GENERATE_SYMBOLS = YES;
				SWIFT_ACTIVE_COMPILATION_CONDITIONS = DEBUG;
				SWIFT_OPTIMIZATION_LEVEL = "-Onone";
				SWIFT_VERSION = 5.9;
			};
			name = Debug;
		};
		D16C8A014B23AB58431DD6DD /* Release */ = {
			isa = XCBuildConfiguration;
			baseConfigurationReference = B7C16DF6BF0AF395422B11CE /* Config.xcconfig */;
			buildSettings = {
				ALWAYS_SEARCH_USER_PATHS = NO;
				CLANG_ANALYZER_NONNULL = YES;
				CLANG_ANALYZER_NUMBER_OBJECT_CONVERSION = YES_AGGRESSIVE;
				CLANG_CXX_LANGUAGE_STANDARD = "gnu++14";
				CLANG_CXX_LIBRARY = "libc++";
				CLANG_ENABLE_MODULES = YES;
				CLANG_ENABLE_OBJC_ARC = YES;
				CLANG_ENABLE_OBJC_WEAK = YES;
				CLANG_WARN_BLOCK_CAPTURE_AUTORELEASING = YES;
				CLANG_WARN_BOOL_CONVERSION = YES;
				CLANG_WARN_COMMA = YES;
				CLANG_WARN_CONSTANT_CONVERSION = YES;
				CLANG_WARN_DEPRECATED_OBJC_IMPLEMENTATIONS = YES;
				CLANG_WARN_DIRECT_OBJC_ISA_USAGE = YES_ERROR;
				CLANG_WARN_DOCUMENTATION_COMMENTS = YES;
				CLANG_WARN_EMPTY_BODY = YES;
				CLANG_WARN_ENUM_CONVERSION = YES;
				CLANG_WARN_INFINITE_RECURSION = YES;
				CLANG_WARN_INT_CONVERSION = YES;
				CLANG_WARN_NON_LITERAL_NULL_CONVERSION = YES;
				CLANG_WARN_OBJC_IMPLICIT_RETAIN_SELF = YES;
				CLANG_WARN_OBJC_LITERAL_CONVERSION = YES;
				CLANG_WARN_OBJC_ROOT_CLASS = YES_ERROR;
				CLANG_WARN_QUOTED_INCLUDE_IN_FRAMEWORK_HEADER = YES;
				CLANG_WARN_RANGE_LOOP_ANALYSIS = YES;
				CLANG_WARN_STRICT_PROTOTYPES = YES;
				CLANG_WARN_SUSPICIOUS_MOVE = YES;
				CLANG_WARN_UNGUARDED_AVAILABILITY = YES_AGGRESSIVE;
				CLANG_WARN_UNREACHABLE_CODE = YES;
				CLANG_WARN__DUPLICATE_METHOD_MATCH = YES;
				COPY_PHASE_STRIP = NO;
				CURRENT_PROJECT_VERSION = 1;
				DEBUG_INFORMATION_FORMAT = "dwarf-with-dsym";
				DEVELOPMENT_TEAM = "";
				ENABLE_NS_ASSERTIONS = NO;
				ENABLE_STRICT_OBJC_MSGSEND = YES;
				ENABLE_USER_SCRIPT_SANDBOXING = YES;
				GCC_C_LANGUAGE_STANDARD = gnu11;
				GCC_NO_COMMON_BLOCKS = YES;
				GCC_WARN_64_TO_32_BIT_CONVERSION = YES;
				GCC_WARN_ABOUT_RETURN_TYPE = YES_ERROR;
				GCC_WARN_UNDECLARED_SELECTOR = YES;
				GCC_WARN_UNINITIALIZED_AUTOS = YES_AGGRESSIVE;
				GCC_WARN_UNUSED_FUNCTION = YES;
				GCC_WARN_UNUSED_VARIABLE = YES;
				IPHONEOS_DEPLOYMENT_TARGET = 16.0;
				MARKETING_VERSION = 1.0;
				MTL_ENABLE_DEBUG_INFO = NO;
				MTL_FAST_MATH = YES;
				PRODUCT_NAME = "$(TARGET_NAME)";
				SDKROOT = iphoneos;
				STRING_CATALOG_GENERATE_SYMBOLS = YES;
				SWIFT_COMPILATION_MODE = wholemodule;
				SWIFT_OPTIMIZATION_LEVEL = "-O";
				SWIFT_VERSION = 5.9;
			};
			name = Release;
		};
/* End XCBuildConfiguration section */

/* Begin XCConfigurationList section */
		A1EF1A461488A510924556CC /* Build configuration list for PBXProject "PalmReader" */ = {
			isa = XCConfigurationList;
			buildConfigurations = (
				B4B913768C9689320229F2D9 /* Debug */,
				D16C8A014B23AB58431DD6DD /* Release */,
			);
			defaultConfigurationIsVisible = 0;
			defaultConfigurationName = Debug;
		};
		E59BA7DD30A982413D0E6C6F /* Build configuration list for PBXNativeTarget "PalmReader" */ = {
			isa = XCConfigurationList;
			buildConfigurations = (
				99696CED077A45E0EA81C7D5 /* Debug */,
				0462F190EDFD0BB58222415D /* Release */,
			);
			defaultConfigurationIsVisible = 0;
			defaultConfigurationName = Debug;
		};
/* End XCConfigurationList section */
	};
	rootObject = 62EE68A0AAB7CD753AFFCD5D /* Project object */;
}
